
Microsoft Visual Studio Solution File, Format Version 12.00
# Visual Studio 15
VisualStudioVersion = 15.0.28010.2046
MinimumVisualStudioVersion = 10.0.40219.1
Project("{FAE04EC0-301F-11D3-BF4B-00C04F79EFBC}") = "ContactManager", "ContactManager\ContactManager.csproj", "{E09DBEE7-1B1C-47FE-AAA5-2C6AE1B8CAF4}"
EndProject
Global
	GlobalSection(SolutionConfigurationPlatforms) = preSolution
		Debug|Any CPU = Debug|Any CPU
		Release|Any CPU = Release|Any CPU
	EndGlobalSection
	GlobalSection(ProjectConfigurationPlatforms) = postSolution
		{E09DBEE7-1B1C-47FE-AAA5-2C6AE1B8CAF4}.Debug|Any CPU.ActiveCfg = Debug|Any CPU
		{E09DBEE7-1B1C-47FE-AAA5-2C6AE1B8CAF4}.Debug|Any CPU.Build.0 = Debug|Any CPU
		{E09DBEE7-1B1C-47FE-AAA5-2C6AE1B8CAF4}.Release|Any CPU.ActiveCfg = Release|Any CPU
		{E09DBEE7-1B1C-47FE-AAA5-2C6AE1B8CAF4}.Release|Any CPU.Build.0 = Release|Any CPU
	EndGlobalSection
	GlobalSection(SolutionProperties) = preSolution
		HideSolutionNode = FALSE
	EndGlobalSection
	GlobalSection(ExtensibilityGlobals) = postSolution
		SolutionGuid = {5ED16FE5-562D-4C83-845E-44F77691519D}
	EndGlobalSection
EndGlobal
